
Microsoft Visual Studio Solution File, Format Version 12.00
# Visual Studio Version 17
VisualStudioVersion = 17.9.34622.214
MinimumVisualStudioVersion = 10.0.40219.1
Project("{FAE04EC0-301F-11D3-BF4B-00C04F79EFBC}") = "EIV_DigitalSignature", "EIV_DigitalSignature\EIV_DigitalSignature.csproj", "{AB1922B5-5A27-484A-BB56-E26A4F3A871D}"
EndProject
Global
	GlobalSection(SolutionConfigurationPlatforms) = preSolution
		Debug|Any CPU = Debug|Any CPU
		Release|Any CPU = Release|Any CPU
	EndGlobalSection
	GlobalSection(ProjectConfigurationPlatforms) = postSolution
		{AB1922B5-5A27-484A-BB56-E26A4F3A871D}.Debug|Any CPU.ActiveCfg = Debug|Any CPU
		{AB1922B5-5A27-484A-BB56-E26A4F3A871D}.Debug|Any CPU.Build.0 = Debug|Any CPU
		{AB1922B5-5A27-484A-BB56-E26A4F3A871D}.Release|Any CPU.ActiveCfg = Release|Any CPU
		{AB1922B5-5A27-484A-BB56-E26A4F3A871D}.Release|Any CPU.Build.0 = Release|Any CPU
	EndGlobalSection
	GlobalSection(SolutionProperties) = preSolution
		HideSolutionNode = FALSE
	EndGlobalSection
	GlobalSection(ExtensibilityGlobals) = postSolution
		SolutionGuid = {D0FDCCD2-96A4-4243-AE05-8DEF6D2C59AF}
	EndGlobalSection
EndGlobal
